// !$*UTF8*$!
{
	archiveVersion = 1;
	classes = {
	};
	objectVersion = 46;
	objects = {

/* Begin PBXBuildFile section */
		C14C70A31DA7A3DD00804C3D /* AppDelegate.swift in Sources */ = {isa = PBXBuildFile; fileRef = C14C70A21DA7A3DD00804C3D /* AppDelegate.swift */; };
		C14C70A51DA7A3DD00804C3D /* ViewController.swift in Sources */ = {isa = PBXBuildFile; fileRef = C14C70A41DA7A3DD00804C3D /* ViewController.swift */; };
		C14C70A81DA7A3DD00804C3D /* Main.storyboard in Resources */ = {isa = PBXBuildFile; fileRef = C14C70A61DA7A3DD00804C3D /* Main.storyboard */; };
		C14C70AA1DA7A3DD00804C3D /* Assets.xcassets in Resources */ = {isa = PBXBuildFile; fileRef = C14C70A91DA7A3DD00804C3D /* Assets.xcassets */; };
		C14C70AD1DA7A3DE00804C3D /* LaunchScreen.storyboard in Resources */ = {isa = PBXBuildFile; fileRef = C14C70AB1DA7A3DD00804C3D /* LaunchScreen.storyboard */; };
/* End PBXBuildFile section */

/* Begin PBXFileReference section */
		C14C709F1DA7A3D900804C3D /* PrimeNumber.app */ = {isa = PBXFileReference; explicitFileType = wrapper.application; includeInIndex = 0; path = PrimeNumber.app; sourceTree = BUILT_PRODUCTS_DIR; };
		C14C70A21DA7A3DD00804C3D /* AppDelegate.swift */ = {isa = PBXFileReference; lastKnownFileType = sourcecode.swift; path = AppDelegate.swift; sourceTree = "<group>"; };
		C14C70A41DA7A3DD00804C3D /* ViewController.swift */ = {isa = PBXFileReference; lastKnownFileType = sourcecode.swift; path = ViewController.swift; sourceTree = "<group>"; };
		C14C70A71DA7A3DD00804C3D /* Base */ = {isa = PBXFileReference; lastKnownFileType = file.storyboard; name = Base; path = Base.lproj/Main.storyboard; sourceTree = "<group>"; };
		C14C70A91DA7A3DD00804C3D /* Assets.xcassets */ = {isa = PBXFileReference; lastKnownFileType = folder.assetcatalog; path = Assets.xcassets; sourceTree = "<group>"; };
		C14C70AC1DA7A3DE00804C3D /* Base */ = {isa = PBXFileReference; lastKnownFileType = file.storyboard; name = Base; path = Base.lproj/LaunchScreen.storyboard; sourceTree = "<group>"; };
		C14C70AE1DA7A3DE00804C3D /* Info.plist */ = {isa = PBXFileReference; lastKnownFileType = text.plist.xml; path = Info.plist; sourceTree = "<group>"; };
/* End PBXFileReference section */

/* Begin PBXFrameworksBuildPhase section */
		C14C709C1DA7A3D900804C3D /* Frameworks */ = {
			isa = PBXFrameworksBuildPhase;
			buildActionMask = 2147483647;
			files = (
			);
			runOnlyForDeploymentPostprocessing = 0;
		};
/* End PBXFrameworksBuildPhase section */

/* Begin PBXGroup section */
		C14C70961DA7A3D800804C3D = {
			isa = PBXGroup;
			children = (
				C14C70A11DA7A3DD00804C3D /* PrimeNumber */,
				C14C70A01DA7A3D900804C3D /* Products */,
			);
			sourceTree = "<group>";
		};
		C14C70A01DA7A3D900804C3D /* Products */ = {
			isa = PBXGroup;
			children = (
				C14C709F1DA7A3D900804C3D /* PrimeNumber.app */,
			);
			name = Products;
			sourceTree = "<group>";
		};
		C14C70A11DA7A3DD00804C3D /* PrimeNumber */ = {
			isa = PBXGroup;
			children = (
				C14C70A21DA7A3DD00804C3D /* AppDelegate.swift */,
				C14C70A41DA7A3DD00804C3D /* ViewController.swift */,
				C14C70A61DA7A3DD00804C3D /* Main.storyboard */,
				C14C70A91DA7A3DD00804C3D /* Assets.xcassets */,
				C14C70AB1DA7A3DD00804C3D /* LaunchScreen.storyboard */,
				C14C70AE1DA7A3DE00804C3D /* Info.plist */,
			);
			path = PrimeNumber;
			sourceTree = "<group>";
		};
/* End PBXGroup section */

/* Begin PBXNativeTarget section */
		C14C709E1DA7A3D900804C3D /* PrimeNumber */ = {
			isa = PBXNativeTarget;
			buildConfigurationList = C14C70B11DA7A3DE00804C3D /* Build configuration list for PBXNativeTarget "PrimeNumber" */;
			buildPhases = (
				C14C709B1DA7A3D900804C3D /* Sources */,
				C14C709C1DA7A3D900804C3D /* Frameworks */,
				C14C709D1DA7A3D900804C3D /* Resources */,
			);
			buildRules = (
			);
			dependencies = (
			);
			name = PrimeNumber;
			productName = PrimeNumber;
			productReference = C14C709F1DA7A3D900804C3D /* PrimeNumber.app */;
			productType = "com.apple.product-type.application";
		};
/* End PBXNativeTarget section */

/* Begin PBXProject section */
		C14C70971DA7A3D900804C3D /* Project object */ = {
			isa = PBXProject;
			attributes = {
				LastSwiftUpdateCheck = 0730;
				LastUpgradeCheck = 0730;
				ORGANIZATIONNAME = "Ekramul hoque";
				TargetAttributes = {
					C14C709E1DA7A3D900804C3D = {
						CreatedOnToolsVersion = 7.3;
						DevelopmentTeam = 4Y6278YG7F;
					};
				};
			};
			buildConfigurationList = C14C709A1DA7A3D900804C3D /* Build configuration list for PBXProject "PrimeNumber" */;
			compatibilityVersion = "Xcode 3.2";
			developmentRegion = English;
			hasScannedForEncodings = 0;
			knownRegions = (
				en,
				Base,
			);
			mainGroup = C14C70961DA7A3D800804C3D;
			productRefGroup = C14C70A01DA7A3D900804C3D /* Products */;
			projectDirPath = "";
			projectRoot = "";
			targets = (
				C14C709E1DA7A3D900804C3D /* PrimeNumber */,
			);
		};
/* End PBXProject section */

/* Begin PBXResourcesBuildPhase section */
		C14C709D1DA7A3D900804C3D /* Resources */ = {
			isa = PBXResourcesBuildPhase;
			buildActionMask = 2147483647;
			files = (
				C14C70AD1DA7A3DE00804C3D /* LaunchScreen.storyboard in Resources */,
				C14C70AA1DA7A3DD00804C3D /* Assets.xcassets in Resources */,
				C14C70A81DA7A3DD00804C3D /* Main.storyboard in Resources */,
			);
			runOnlyForDeploymentPostprocessing = 0;
		};
/* End PBXResourcesBuildPhase section */

/* Begin PBXSourcesBuildPhase section */
		C14C709B1DA7A3D900804C3D /* Sources */ = {
			isa = PBXSourcesBuildPhase;
			buildActionMask = 2147483647;
			files = (
				C14C70A51DA7A3DD00804C3D /* ViewController.swift in Sources */,
				C14C70A31DA7A3DD00804C3D /* AppDelegate.swift in Sources */,
			);
			runOnlyForDeploymentPostprocessing = 0;
		};
/* End PBXSourcesBuildPhase section */

/* Begin PBXVariantGroup section */
		C14C70A61DA7A3DD00804C3D /* Main.storyboard */ = {
			isa = PBXVariantGroup;
			children = (
				C14C70A71DA7A3DD00804C3D /* Base */,
			);
			name = Main.storyboard;
			sourceTree = "<group>";
		};
		C14C70AB1DA7A3DD00804C3D /* LaunchScreen.storyboard */ = {
			isa = PBXVariantGroup;
			children = (
				C14C70AC1DA7A3DE00804C3D /* Base */,
			);
			name = LaunchScreen.storyboard;
			sourceTree = "<group>";
		};
/* End PBXVariantGroup section */

/* Begin XCBuildConfiguration section */
		C14C70AF1DA7A3DE00804C3D /* Debug */ = {
			isa = XCBuildConfiguration;
			buildSettings = {
				ALWAYS_SEARCH_USER_PATHS = NO;
				CLANG_ANALYZER_NONNULL = YES;
				CLANG_CXX_LANGUAGE_STANDARD = "gnu++0x";
				CLANG_CXX_LIBRARY = "libc++";
				CLANG_ENABLE_MODULES = YES;
				CLANG_ENABLE_OBJC_ARC = YES;
				CLANG_WARN_BOOL_CONVERSION = YES;
				CLANG_WARN_CONSTANT_CONVERSION = YES;
				CLANG_WARN_DIRECT_OBJC_ISA_USAGE = YES_ERROR;
				CLANG_WARN_EMPTY_BODY = YES;
				CLANG_WARN_ENUM_CONVERSION = YES;
				CLANG_WARN_INT_CONVERSION = YES;
				CLANG_WARN_OBJC_ROOT_CLASS = YES_ERROR;
				CLANG_WARN_UNREACHABLE_CODE = YES;
				CLANG_WARN__DUPLICATE_METHOD_MATCH = YES;
				"CODE_SIGN_IDENTITY[sdk=iphoneos*]" = "iPhone Developer";
				COPY_PHASE_STRIP = NO;
				DEBUG_INFORMATION_FORMAT = dwarf;
				ENABLE_STRICT_OBJC_MSGSEND = YES;
				ENABLE_TESTABILITY = YES;
				GCC_C_LANGUAGE_STANDARD = gnu99;
				GCC_DYNAMIC_NO_PIC = NO;
				GCC_NO_COMMON_BLOCKS = YES;
				GCC_OPTIMIZATION_LEVEL = 0;
				GCC_PREPROCESSOR_DEFINITIONS = (
					"DEBUG=1",
					"$(inherited)",
				);
				GCC_WARN_64_TO_32_BIT_CONVERSION = YES;
				GCC_WARN_ABOUT_RETURN_TYPE = YES_ERROR;
				GCC_WARN_UNDECLARED_SELECTOR = YES;
				GCC_WARN_UNINITIALIZED_AUTOS = YES_AGGRESSIVE;
				GCC_WARN_UNUSED_FUNCTION = YES;
				GCC_WARN_UNUSED_VARIABLE = YES;
				IPHONEOS_DEPLOYMENT_TARGET = 9.3;
				MTL_ENABLE_DEBUG_INFO = YES;
				ONLY_ACTIVE_ARCH = YES;
				SDKROOT = iphoneos;
				SWIFT_OPTIMIZATION_LEVEL = "-Onone";
				TARGETED_DEVICE_FAMILY = "1,2";
			};
			name = Debug;
		};
		C14C70B01DA7A3DE00804C3D /* Release */ = {
			isa = XCBuildConfiguration;
			buildSettings = {
				ALWAYS_SEARCH_USER_PATHS = NO;
				CLANG_ANALYZER_NONNULL = YES;
				CLANG_CXX_LANGUAGE_STANDARD = "gnu++0x";
				CLANG_CXX_LIBRARY = "libc++";
				CLANG_ENABLE_MODULES = YES;
				CLANG_ENABLE_OBJC_ARC = YES;
				CLANG_WARN_BOOL_CONVERSION = YES;
				CLANG_WARN_CONSTANT_CONVERSION = YES;
				CLANG_WARN_DIRECT_OBJC_ISA_USAGE = YES_ERROR;
				CLANG_WARN_EMPTY_BODY = YES;
				CLANG_WARN_ENUM_CONVERSION = YES;
				CLANG_WARN_INT_CONVERSION = YES;
				CLANG_WARN_OBJC_ROOT_CLASS = YES_ERROR;
				CLANG_WARN_UNREACHABLE_CODE = YES;
				CLANG_WARN__DUPLICATE_METHOD_MATCH = YES;
				"CODE_SIGN_IDENTITY[sdk=iphoneos*]" = "iPhone Developer";
				COPY_PHASE_STRIP = NO;
				DEBUG_INFORMATION_FORMAT = "dwarf-with-dsym";
				ENABLE_NS_ASSERTIONS = NO;
				ENABLE_STRICT_OBJC_MSGSEND = YES;
				GCC_C_LANGUAGE_STANDARD = gnu99;
				GCC_NO_COMMON_BLOCKS = YES;
				GCC_WARN_64_TO_32_BIT_CONVERSION = YES;
				GCC_WARN_ABOUT_RETURN_TYPE = YES_ERROR;
				GCC_WARN_UNDECLARED_SELECTOR = YES;
				GCC_WARN_UNINITIALIZED_AUTOS = YES_AGGRESSIVE;
				GCC_WARN_UNUSED_FUNCTION = YES;
				GCC_WARN_UNUSED_VARIABLE = YES;
				IPHONEOS_DEPLOYMENT_TARGET = 9.3;
				MTL_ENABLE_DEBUG_INFO = NO;
				SDKROOT = iphoneos;
				TARGETED_DEVICE_FAMILY = "1,2";
				VALIDATE_PRODUCT = YES;
			};
			name = Release;
		};
		C14C70B21DA7A3DE00804C3D /* Debug */ = {
			isa = XCBuildConfiguration;
			buildSettings = {
				ASSETCATALOG_COMPILER_APPICON_NAME = AppIcon;
				INFOPLIST_FILE = PrimeNumber/Info.plist;
				LD_RUNPATH_SEARCH_PATHS = "$(inherited) @executable_path/Frameworks";
				PRODUCT_BUNDLE_IDENTIFIER = Apgorithm.PrimeNumber;
				PRODUCT_NAME = "$(TARGET_NAME)";
			};
			name = Debug;
		};
		C14C70B31DA7A3DE00804C3D /* Release */ = {
			isa = XCBuildConfiguration;
			buildSettings = {
				ASSETCATALOG_COMPILER_APPICON_NAME = AppIcon;
				INFOPLIST_FILE = PrimeNumber/Info.plist;
				LD_RUNPATH_SEARCH_PATHS = "$(inherited) @executable_path/Frameworks";
				PRODUCT_BUNDLE_IDENTIFIER = Apgorithm.PrimeNumber;
				PRODUCT_NAME = "$(TARGET_NAME)";
			};
			name = Release;
		};
/* End XCBuildConfiguration section */

/* Begin XCConfigurationList section */
		C14C709A1DA7A3D900804C3D /* Build configuration list for PBXProject "PrimeNumber" */ = {
			isa = XCConfigurationList;
			buildConfigurations = (
				C14C70AF1DA7A3DE00804C3D /* Debug */,
				C14C70B01DA7A3DE00804C3D /* Release */,
			);
			defaultConfigurationIsVisible = 0;
			defaultConfigurationName = Release;
		};
		C14C70B11DA7A3DE00804C3D /* Build configuration list for PBXNativeTarget "PrimeNumber" */ = {
			isa = XCConfigurationList;
			buildConfigurations = (
				C14C70B21DA7A3DE00804C3D /* Debug */,
				C14C70B31DA7A3DE00804C3D /* Release */,
			);
			defaultConfigurationIsVisible = 0;
		};
/* End XCConfigurationList section */
	};
	rootObject = C14C70971DA7A3D900804C3D /* Project object */;
}
